
Microsoft Visual Studio Solution File, Format Version 12.00
# Visual Studio Version 17
VisualStudioVersion = 17.13.35913.81 d17.13
MinimumVisualStudioVersion = 10.0.40219.1
Project("{FAE04EC0-301F-11D3-BF4B-00C04F79EFBC}") = "Api", "Api\Api.csproj", "{F27499E3-E34C-4304-81C4-AAA57074CA7E}"
EndProject
Project("{FAE04EC0-301F-11D3-BF4B-00C04F79EFBC}") = "Services", "Services\Services.csproj", "{0C8A6788-2B08-4EBF-B871-BA70BB4EBB56}"
EndProject
Global
	GlobalSection(SolutionConfigurationPlatforms) = preSolution
		Debug|Any CPU = Debug|Any CPU
		Release|Any CPU = Release|Any CPU
	EndGlobalSection
	GlobalSection(ProjectConfigurationPlatforms) = postSolution
		{F27499E3-E34C-4304-81C4-AAA57074CA7E}.Debug|Any CPU.ActiveCfg = Debug|Any CPU
		{F27499E3-E34C-4304-81C4-AAA57074CA7E}.Debug|Any CPU.Build.0 = Debug|Any CPU
		{F27499E3-E34C-4304-81C4-AAA57074CA7E}.Release|Any CPU.ActiveCfg = Release|Any CPU
		{F27499E3-E34C-4304-81C4-AAA57074CA7E}.Release|Any CPU.Build.0 = Release|Any CPU
		{0C8A6788-2B08-4EBF-B871-BA70BB4EBB56}.Debug|Any CPU.ActiveCfg = Debug|Any CPU
		{0C8A6788-2B08-4EBF-B871-BA70BB4EBB56}.Debug|Any CPU.Build.0 = Debug|Any CPU
		{0C8A6788-2B08-4EBF-B871-BA70BB4EBB56}.Release|Any CPU.ActiveCfg = Release|Any CPU
		{0C8A6788-2B08-4EBF-B871-BA70BB4EBB56}.Release|Any CPU.Build.0 = Release|Any CPU
	EndGlobalSection
	GlobalSection(SolutionProperties) = preSolution
		HideSolutionNode = FALSE
	EndGlobalSection
	GlobalSection(ExtensibilityGlobals) = postSolution
		SolutionGuid = {BE42A480-42FA-4417-9AFD-8F3D905A944A}
	EndGlobalSection
EndGlobal
